{
  "nodes": {
    "nixpkgs": {
      "locked": {
        "lastModified": 1787305858,
        "narHash": "sha256-IxabTv0+vrHxWceCvIDOGKedms6MdkIgsMqkAugNoN8=",
        "owner": "NixOS",
        "repo": "nixpkgs",
        "rev": "63a410de48ab4442e5bf62ee5b4ce71bdf7478b0",
        "type": "github"
      },
      "original": {
        "owner": "NixOS",
        "ref": "master",
        "repo": "nixpkgs",
        "type": "github"
      }
    },
    "nixpkgs-cronet": {
      "locked": {
        "lastModified": 1790605008,
        "narHash": "sha256-mbMHR2jOFEHpBDtAPKdbFdPsz5T3m/9gANJDWhBcuPY=",
        "owner": "NixOS",
        "repo": "nixpkgs",
        "rev": "e71f1aa922d90b3f5b01a68c00f685711e307412",
        "type": "github"
      },
      "original": {
        "owner": "NixOS",
        "ref": "master",
        "repo": "nixpkgs",
        "type": "github"
      }
    },
    "root": {
      "inputs": {
        "nixpkgs": "nixpkgs",
        "nixpkgs-cronet": "nixpkgs-cronet"
      }
    }
  },
  "root": "root",
  "version": 7
}
