{
  "nodes": {
    "nixpkgs": {
      "locked": {
        "lastModified": 1787305858,
        "narHash": "sha256-IxabTv0+vrHxWceCvIDOGKedms6MdkIgsMqkAugNoN8=",
        "owner": "NixOS",
        "repo": "nixpkgs",
        "rev": "63a410de48ab4442e5bf62ee5b4ce71bdf7478b0",
        "type": "github"
      },
      "original": {
        "owner": "NixOS",
        "ref": "master",
        "repo": "nixpkgs",
        "type": "github"
      }
    },
    "root": {
      "inputs": {
        "nixpkgs": "nixpkgs"
      }
    }
  },
  "root": "root",
  "version": 7
}
